Microsoft Visual Studio Solution File, Format Version 12.00
# Visual Studio 2012
Project("{FAE04EC0-301F-11D3-BF4B-00C04F79EFBC}") = "connect4-moderator-observer", "connect4-moderator-observer.csproj", "{686613AA-A1E3-40F7-8924-9B4FF0746A6F}"
EndProject
Global
	GlobalSection(SolutionConfigurationPlatforms) = preSolution
	Debug|Any CPU = Debug|Any CPU
	ExportDebug|Any CPU = ExportDebug|Any CPU
	ExportRelease|Any CPU = ExportRelease|Any CPU
	EndGlobalSection
	GlobalSection(ProjectConfigurationPlatforms) = postSolution
		{686613AA-A1E3-40F7-8924-9B4FF0746A6F}.Debug|Any CPU.ActiveCfg = Debug|Any CPU
		{686613AA-A1E3-40F7-8924-9B4FF0746A6F}.Debug|Any CPU.Build.0 = Debug|Any CPU
		{686613AA-A1E3-40F7-8924-9B4FF0746A6F}.ExportDebug|Any CPU.ActiveCfg = ExportDebug|Any CPU
		{686613AA-A1E3-40F7-8924-9B4FF0746A6F}.ExportDebug|Any CPU.Build.0 = ExportDebug|Any CPU
		{686613AA-A1E3-40F7-8924-9B4FF0746A6F}.ExportRelease|Any CPU.ActiveCfg = ExportRelease|Any CPU
		{686613AA-A1E3-40F7-8924-9B4FF0746A6F}.ExportRelease|Any CPU.Build.0 = ExportRelease|Any CPU
	EndGlobalSection
EndGlobal
